
Microsoft Visual Studio Solution File, Format Version 12.00
# Visual Studio 15
VisualStudioVersion = 15.0.26430.12
MinimumVisualStudioVersion = 10.0.40219.1
Project("{D954291E-2A0B-460D-934E-DC6B0785DB48}") = "TestListViewXaml", "TestListViewXaml\TestListViewXaml\TestListViewXaml.shproj", "{80050534-DB58-492F-96EF-94A5C87D0ECA}"
EndProject
Project("{FAE04EC0-301F-11D3-BF4B-00C04F79EFBC}") = "TestListViewXaml.Android", "TestListViewXaml\TestListViewXaml.Android\TestListViewXaml.Android.csproj", "{B4F1C8F3-E380-41DD-94C8-0EEF68E71561}"
EndProject
Project("{FAE04EC0-301F-11D3-BF4B-00C04F79EFBC}") = "TestListViewXaml.iOS", "TestListViewXaml\TestListViewXaml.iOS\TestListViewXaml.iOS.csproj", "{FD5FBE0E-7EBD-494B-950B-26540657E627}"
EndProject
Project("{FAE04EC0-301F-11D3-BF4B-00C04F79EFBC}") = "TestListViewXaml.UWP", "TestListViewXaml\TestListViewXaml.UWP\TestListViewXaml.UWP.csproj", "{C744F97A-AE58-43DE-8B51-3DB38C063D93}"
EndProject
Global
	GlobalSection(SharedMSBuildProjectFiles) = preSolution
		TestListViewXaml\TestListViewXaml\TestListViewXaml.projitems*{80050534-db58-492f-96ef-94a5c87d0eca}*SharedItemsImports = 13
		TestListViewXaml\TestListViewXaml\TestListViewXaml.projitems*{b4f1c8f3-e380-41dd-94c8-0eef68e71561}*SharedItemsImports = 4
		TestListViewXaml\TestListViewXaml\TestListViewXaml.projitems*{fd5fbe0e-7ebd-494b-950b-26540657e627}*SharedItemsImports = 4
	EndGlobalSection
	GlobalSection(SolutionConfigurationPlatforms) = preSolution
		Ad-Hoc|Any CPU = Ad-Hoc|Any CPU
		Ad-Hoc|ARM = Ad-Hoc|ARM
		Ad-Hoc|iPhone = Ad-Hoc|iPhone
		Ad-Hoc|iPhoneSimulator = Ad-Hoc|iPhoneSimulator
		Ad-Hoc|x64 = Ad-Hoc|x64
		Ad-Hoc|x86 = Ad-Hoc|x86
		AppStore|Any CPU = AppStore|Any CPU
		AppStore|ARM = AppStore|ARM
		AppStore|iPhone = AppStore|iPhone
		AppStore|iPhoneSimulator = AppStore|iPhoneSimulator
		AppStore|x64 = AppStore|x64
		AppStore|x86 = AppStore|x86
		Debug|Any CPU = Debug|Any CPU
		Debug|ARM = Debug|ARM
		Debug|iPhone = Debug|iPhone
		Debug|iPhoneSimulator = Debug|iPhoneSimulator
		Debug|x64 = Debug|x64
		Debug|x86 = Debug|x86
		Release|Any CPU = Release|Any CPU
		Release|ARM = Release|ARM
		Release|iPhone = Release|iPhone
		Release|iPhoneSimulator = Release|iPhoneSimulator
		Release|x64 = Release|x64
		Release|x86 = Release|x86
	EndGlobalSection
	GlobalSection(ProjectConfigurationPlatforms) = postSolution
		{B4F1C8F3-E380-41DD-94C8-0EEF68E71561}.Ad-Hoc|Any CPU.ActiveCfg = Release|Any CPU
		{B4F1C8F3-E380-41DD-94C8-0EEF68E71561}.Ad-Hoc|Any CPU.Build.0 = Release|Any CPU
		{B4F1C8F3-E380-41DD-94C8-0EEF68E71561}.Ad-Hoc|Any CPU.Deploy.0 = Release|Any CPU
		{B4F1C8F3-E380-41DD-94C8-0EEF68E71561}.Ad-Hoc|ARM.ActiveCfg = Release|Any CPU
		{B4F1C8F3-E380-41DD-94C8-0EEF68E71561}.Ad-Hoc|ARM.Build.0 = Release|Any CPU
		{B4F1C8F3-E380-41DD-94C8-0EEF68E71561}.Ad-Hoc|ARM.Deploy.0 = Release|Any CPU
		{B4F1C8F3-E380-41DD-94C8-0EEF68E71561}.Ad-Hoc|iPhone.ActiveCfg = Release|Any CPU
		{B4F1C8F3-E380-41DD-94C8-0EEF68E71561}.Ad-Hoc|iPhone.Build.0 = Release|Any CPU
		{B4F1C8F3-E380-41DD-94C8-0EEF68E71561}.Ad-Hoc|iPhone.Deploy.0 = Release|Any CPU
		{B4F1C8F3-E380-41DD-94C8-0EEF68E71561}.Ad-Hoc|iPhoneSimulator.ActiveCfg = Release|Any CPU
		{B4F1C8F3-E380-41DD-94C8-0EEF68E71561}.Ad-Hoc|iPhoneSimulator.Build.0 = Release|Any CPU
		{B4F1C8F3-E380-41DD-94C8-0EEF68E71561}.Ad-Hoc|iPhoneSimulator.Deploy.0 = Release|Any CPU
		{B4F1C8F3-E380-41DD-94C8-0EEF68E71561}.Ad-Hoc|x64.ActiveCfg = Release|Any CPU
		{B4F1C8F3-E380-41DD-94C8-0EEF68E71561}.Ad-Hoc|x64.Build.0 = Release|Any CPU
		{B4F1C8F3-E380-41DD-94C8-0EEF68E71561}.Ad-Hoc|x64.Deploy.0 = Release|Any CPU
		{B4F1C8F3-E380-41DD-94C8-0EEF68E71561}.Ad-Hoc|x86.ActiveCfg = Release|Any CPU
		{B4F1C8F3-E380-41DD-94C8-0EEF68E71561}.Ad-Hoc|x86.Build.0 = Release|Any CPU
		{B4F1C8F3-E380-41DD-94C8-0EEF68E71561}.Ad-Hoc|x86.Deploy.0 = Release|Any CPU
		{B4F1C8F3-E380-41DD-94C8-0EEF68E71561}.AppStore|Any CPU.ActiveCfg = Release|Any CPU
		{B4F1C8F3-E380-41DD-94C8-0EEF68E71561}.AppStore|Any CPU.Build.0 = Release|Any CPU
		{B4F1C8F3-E380-41DD-94C8-0EEF68E71561}.AppStore|Any CPU.Deploy.0 = Release|Any CPU
		{B4F1C8F3-E380-41DD-94C8-0EEF68E71561}.AppStore|ARM.ActiveCfg = Release|Any CPU
		{B4F1C8F3-E380-41DD-94C8-0EEF68E71561}.AppStore|ARM.Build.0 = Release|Any CPU
		{B4F1C8F3-E380-41DD-94C8-0EEF68E71561}.AppStore|ARM.Deploy.0 = Release|Any CPU
		{B4F1C8F3-E380-41DD-94C8-0EEF68E71561}.AppStore|iPhone.ActiveCfg = Release|Any CPU
		{B4F1C8F3-E380-41DD-94C8-0EEF68E71561}.AppStore|iPhone.Build.0 = Release|Any CPU
		{B4F1C8F3-E380-41DD-94C8-0EEF68E71561}.AppStore|iPhone.Deploy.0 = Release|Any CPU
		{B4F1C8F3-E380-41DD-94C8-0EEF68E71561}.AppStore|iPhoneSimulator.ActiveCfg = Release|Any CPU
		{B4F1C8F3-E380-41DD-94C8-0EEF68E71561}.AppStore|iPhoneSimulator.Build.0 = Release|Any CPU
		{B4F1C8F3-E380-41DD-94C8-0EEF68E71561}.AppStore|iPhoneSimulator.Deploy.0 = Release|Any CPU
		{B4F1C8F3-E380-41DD-94C8-0EEF68E71561}.AppStore|x64.ActiveCfg = Release|Any CPU
		{B4F1C8F3-E380-41DD-94C8-0EEF68E71561}.AppStore|x64.Build.0 = Release|Any CPU
		{B4F1C8F3-E380-41DD-94C8-0EEF68E71561}.AppStore|x64.Deploy.0 = Release|Any CPU
		{B4F1C8F3-E380-41DD-94C8-0EEF68E71561}.AppStore|x86.ActiveCfg = Release|Any CPU
		{B4F1C8F3-E380-41DD-94C8-0EEF68E71561}.AppStore|x86.Build.0 = Release|Any CPU
		{B4F1C8F3-E380-41DD-94C8-0EEF68E71561}.AppStore|x86.Deploy.0 = Release|Any CPU
		{B4F1C8F3-E380-41DD-94C8-0EEF68E71561}.Debug|Any CPU.ActiveCfg = Debug|Any CPU
		{B4F1C8F3-E380-41DD-94C8-0EEF68E71561}.Debug|Any CPU.Build.0 = Debug|Any CPU
		{B4F1C8F3-E380-41DD-94C8-0EEF68E71561}.Debug|Any CPU.Deploy.0 = Debug|Any CPU
		{B4F1C8F3-E380-41DD-94C8-0EEF68E71561}.Debug|ARM.ActiveCfg = Debug|Any CPU
		{B4F1C8F3-E380-41DD-94C8-0EEF68E71561}.Debug|ARM.Build.0 = Debug|Any CPU
		{B4F1C8F3-E380-41DD-94C8-0EEF68E71561}.Debug|ARM.Deploy.0 = Debug|Any CPU
		{B4F1C8F3-E380-41DD-94C8-0EEF68E71561}.Debug|iPhone.ActiveCfg = Debug|Any CPU
		{B4F1C8F3-E380-41DD-94C8-0EEF68E71561}.Debug|iPhone.Build.0 = Debug|Any CPU
		{B4F1C8F3-E380-41DD-94C8-0EEF68E71561}.Debug|iPhone.Deploy.0 = Debug|Any CPU
		{B4F1C8F3-E380-41DD-94C8-0EEF68E71561}.Debug|iPhoneSimulator.ActiveCfg = Debug|Any CPU
		{B4F1C8F3-E380-41DD-94C8-0EEF68E71561}.Debug|iPhoneSimulator.Build.0 = Debug|Any CPU
		{B4F1C8F3-E380-41DD-94C8-0EEF68E71561}.Debug|iPhoneSimulator.Deploy.0 = Debug|Any CPU
		{B4F1C8F3-E380-41DD-94C8-0EEF68E71561}.Debug|x64.ActiveCfg = Debug|Any CPU
		{B4F1C8F3-E380-41DD-94C8-0EEF68E71561}.Debug|x64.Build.0 = Debug|Any CPU
		{B4F1C8F3-E380-41DD-94C8-0EEF68E71561}.Debug|x64.Deploy.0 = Debug|Any CPU
		{B4F1C8F3-E380-41DD-94C8-0EEF68E71561}.Debug|x86.ActiveCfg = Debug|Any CPU
		{B4F1C8F3-E380-41DD-94C8-0EEF68E71561}.Debug|x86.Build.0 = Debug|Any CPU
		{B4F1C8F3-E380-41DD-94C8-0EEF68E71561}.Debug|x86.Deploy.0 = Debug|Any CPU
		{B4F1C8F3-E380-41DD-94C8-0EEF68E71561}.Release|Any CPU.ActiveCfg = Release|Any CPU
		{B4F1C8F3-E380-41DD-94C8-0EEF68E71561}.Release|Any CPU.Build.0 = Release|Any CPU
		{B4F1C8F3-E380-41DD-94C8-0EEF68E71561}.Release|Any CPU.Deploy.0 = Release|Any CPU
		{B4F1C8F3-E380-41DD-94C8-0EEF68E71561}.Release|ARM.ActiveCfg = Release|Any CPU
		{B4F1C8F3-E380-41DD-94C8-0EEF68E71561}.Release|ARM.Build.0 = Release|Any CPU
		{B4F1C8F3-E380-41DD-94C8-0EEF68E71561}.Release|ARM.Deploy.0 = Release|Any CPU
		{B4F1C8F3-E380-41DD-94C8-0EEF68E71561}.Release|iPhone.ActiveCfg = Release|Any CPU
		{B4F1C8F3-E380-41DD-94C8-0EEF68E71561}.Release|iPhone.Build.0 = Release|Any CPU
		{B4F1C8F3-E380-41DD-94C8-0EEF68E71561}.Release|iPhone.Deploy.0 = Release|Any CPU
		{B4F1C8F3-E380-41DD-94C8-0EEF68E71561}.Release|iPhoneSimulator.ActiveCfg = Release|Any CPU
		{B4F1C8F3-E380-41DD-94C8-0EEF68E71561}.Release|iPhoneSimulator.Build.0 = Release|Any CPU
		{B4F1C8F3-E380-41DD-94C8-0EEF68E71561}.Release|iPhoneSimulator.Deploy.0 = Release|Any CPU
		{B4F1C8F3-E380-41DD-94C8-0EEF68E71561}.Release|x64.ActiveCfg = Release|Any CPU
		{B4F1C8F3-E380-41DD-94C8-0EEF68E71561}.Release|x64.Build.0 = Release|Any CPU
		{B4F1C8F3-E380-41DD-94C8-0EEF68E71561}.Release|x64.Deploy.0 = Release|Any CPU
		{B4F1C8F3-E380-41DD-94C8-0EEF68E71561}.Release|x86.ActiveCfg = Release|Any CPU
		{B4F1C8F3-E380-41DD-94C8-0EEF68E71561}.Release|x86.Build.0 = Release|Any CPU
		{B4F1C8F3-E380-41DD-94C8-0EEF68E71561}.Release|x86.Deploy.0 = Release|Any CPU
		{FD5FBE0E-7EBD-494B-950B-26540657E627}.Ad-Hoc|Any CPU.ActiveCfg = Ad-Hoc|iPhone
		{FD5FBE0E-7EBD-494B-950B-26540657E627}.Ad-Hoc|ARM.ActiveCfg = Ad-Hoc|iPhone
		{FD5FBE0E-7EBD-494B-950B-26540657E627}.Ad-Hoc|iPhone.ActiveCfg = Ad-Hoc|iPhone
		{FD5FBE0E-7EBD-494B-950B-26540657E627}.Ad-Hoc|iPhone.Build.0 = Ad-Hoc|iPhone
		{FD5FBE0E-7EBD-494B-950B-26540657E627}.Ad-Hoc|iPhoneSimulator.ActiveCfg = Ad-Hoc|iPhoneSimulator
		{FD5FBE0E-7EBD-494B-950B-26540657E627}.Ad-Hoc|iPhoneSimulator.Build.0 = Ad-Hoc|iPhoneSimulator
		{FD5FBE0E-7EBD-494B-950B-26540657E627}.Ad-Hoc|x64.ActiveCfg = Ad-Hoc|iPhone
		{FD5FBE0E-7EBD-494B-950B-26540657E627}.Ad-Hoc|x86.ActiveCfg = Ad-Hoc|iPhone
		{FD5FBE0E-7EBD-494B-950B-26540657E627}.AppStore|Any CPU.ActiveCfg = AppStore|iPhone
		{FD5FBE0E-7EBD-494B-950B-26540657E627}.AppStore|ARM.ActiveCfg = AppStore|iPhone
		{FD5FBE0E-7EBD-494B-950B-26540657E627}.AppStore|iPhone.ActiveCfg = AppStore|iPhone
		{FD5FBE0E-7EBD-494B-950B-26540657E627}.AppStore|iPhone.Build.0 = AppStore|iPhone
		{FD5FBE0E-7EBD-494B-950B-26540657E627}.AppStore|iPhoneSimulator.ActiveCfg = AppStore|iPhoneSimulator
		{FD5FBE0E-7EBD-494B-950B-26540657E627}.AppStore|iPhoneSimulator.Build.0 = AppStore|iPhoneSimulator
		{FD5FBE0E-7EBD-494B-950B-26540657E627}.AppStore|x64.ActiveCfg = AppStore|iPhone
		{FD5FBE0E-7EBD-494B-950B-26540657E627}.AppStore|x86.ActiveCfg = AppStore|iPhone
		{FD5FBE0E-7EBD-494B-950B-26540657E627}.Debug|Any CPU.ActiveCfg = Debug|iPhone
		{FD5FBE0E-7EBD-494B-950B-26540657E627}.Debug|ARM.ActiveCfg = Debug|iPhone
		{FD5FBE0E-7EBD-494B-950B-26540657E627}.Debug|iPhone.ActiveCfg = Debug|iPhone
		{FD5FBE0E-7EBD-494B-950B-26540657E627}.Debug|iPhone.Build.0 = Debug|iPhone
		{FD5FBE0E-7EBD-494B-950B-26540657E627}.Debug|iPhoneSimulator.ActiveCfg = Debug|iPhoneSimulator
		{FD5FBE0E-7EBD-494B-950B-26540657E627}.Debug|iPhoneSimulator.Build.0 = Debug|iPhoneSimulator
		{FD5FBE0E-7EBD-494B-950B-26540657E627}.Debug|x64.ActiveCfg = Debug|iPhone
		{FD5FBE0E-7EBD-494B-950B-26540657E627}.Debug|x86.ActiveCfg = Debug|iPhone
		{FD5FBE0E-7EBD-494B-950B-26540657E627}.Release|Any CPU.ActiveCfg = Release|iPhone
		{FD5FBE0E-7EBD-494B-950B-26540657E627}.Release|ARM.ActiveCfg = Release|iPhone
		{FD5FBE0E-7EBD-494B-950B-26540657E627}.Release|iPhone.ActiveCfg = Release|iPhone
		{FD5FBE0E-7EBD-494B-950B-26540657E627}.Release|iPhone.Build.0 = Release|iPhone
		{FD5FBE0E-7EBD-494B-950B-26540657E627}.Release|iPhoneSimulator.ActiveCfg = Release|iPhoneSimulator
		{FD5FBE0E-7EBD-494B-950B-26540657E627}.Release|iPhoneSimulator.Build.0 = Release|iPhoneSimulator
		{FD5FBE0E-7EBD-494B-950B-26540657E627}.Release|x64.ActiveCfg = Release|iPhone
		{FD5FBE0E-7EBD-494B-950B-26540657E627}.Release|x86.ActiveCfg = Release|iPhone
		{C744F97A-AE58-43DE-8B51-3DB38C063D93}.Ad-Hoc|Any CPU.ActiveCfg = Release|x86
		{C744F97A-AE58-43DE-8B51-3DB38C063D93}.Ad-Hoc|Any CPU.Build.0 = Release|x86
		{C744F97A-AE58-43DE-8B51-3DB38C063D93}.Ad-Hoc|Any CPU.Deploy.0 = Release|x86
		{C744F97A-AE58-43DE-8B51-3DB38C063D93}.Ad-Hoc|ARM.ActiveCfg = Release|ARM
		{C744F97A-AE58-43DE-8B51-3DB38C063D93}.Ad-Hoc|ARM.Build.0 = Release|ARM
		{C744F97A-AE58-43DE-8B51-3DB38C063D93}.Ad-Hoc|ARM.Deploy.0 = Release|ARM
		{C744F97A-AE58-43DE-8B51-3DB38C063D93}.Ad-Hoc|iPhone.ActiveCfg = Release|x86
		{C744F97A-AE58-43DE-8B51-3DB38C063D93}.Ad-Hoc|iPhone.Build.0 = Release|x86
		{C744F97A-AE58-43DE-8B51-3DB38C063D93}.Ad-Hoc|iPhone.Deploy.0 = Release|x86
		{C744F97A-AE58-43DE-8B51-3DB38C063D93}.Ad-Hoc|iPhoneSimulator.ActiveCfg = Release|x86
		{C744F97A-AE58-43DE-8B51-3DB38C063D93}.Ad-Hoc|iPhoneSimulator.Build.0 = Release|x86
		{C744F97A-AE58-43DE-8B51-3DB38C063D93}.Ad-Hoc|iPhoneSimulator.Deploy.0 = Release|x86
		{C744F97A-AE58-43DE-8B51-3DB38C063D93}.Ad-Hoc|x64.ActiveCfg = Release|x64
		{C744F97A-AE58-43DE-8B51-3DB38C063D93}.Ad-Hoc|x64.Build.0 = Release|x64
		{C744F97A-AE58-43DE-8B51-3DB38C063D93}.Ad-Hoc|x64.Deploy.0 = Release|x64
		{C744F97A-AE58-43DE-8B51-3DB38C063D93}.Ad-Hoc|x86.ActiveCfg = Release|x86
		{C744F97A-AE58-43DE-8B51-3DB38C063D93}.Ad-Hoc|x86.Build.0 = Release|x86
		{C744F97A-AE58-43DE-8B51-3DB38C063D93}.Ad-Hoc|x86.Deploy.0 = Release|x86
		{C744F97A-AE58-43DE-8B51-3DB38C063D93}.AppStore|Any CPU.ActiveCfg = Release|x86
		{C744F97A-AE58-43DE-8B51-3DB38C063D93}.AppStore|Any CPU.Build.0 = Release|x86
		{C744F97A-AE58-43DE-8B51-3DB38C063D93}.AppStore|Any CPU.Deploy.0 = Release|x86
		{C744F97A-AE58-43DE-8B51-3DB38C063D93}.AppStore|ARM.ActiveCfg = Release|ARM
		{C744F97A-AE58-43DE-8B51-3DB38C063D93}.AppStore|ARM.Build.0 = Release|ARM
		{C744F97A-AE58-43DE-8B51-3DB38C063D93}.AppStore|ARM.Deploy.0 = Release|ARM
		{C744F97A-AE58-43DE-8B51-3DB38C063D93}.AppStore|iPhone.ActiveCfg = Release|x86
		{C744F97A-AE58-43DE-8B51-3DB38C063D93}.AppStore|iPhone.Build.0 = Release|x86
		{C744F97A-AE58-43DE-8B51-3DB38C063D93}.AppStore|iPhone.Deploy.0 = Release|x86
		{C744F97A-AE58-43DE-8B51-3DB38C063D93}.AppStore|iPhoneSimulator.ActiveCfg = Release|x86
		{C744F97A-AE58-43DE-8B51-3DB38C063D93}.AppStore|iPhoneSimulator.Build.0 = Release|x86
		{C744F97A-AE58-43DE-8B51-3DB38C063D93}.AppStore|iPhoneSimulator.Deploy.0 = Release|x86
		{C744F97A-AE58-43DE-8B51-3DB38C063D93}.AppStore|x64.ActiveCfg = Release|x64
		{C744F97A-AE58-43DE-8B51-3DB38C063D93}.AppStore|x64.Build.0 = Release|x64
		{C744F97A-AE58-43DE-8B51-3DB38C063D93}.AppStore|x64.Deploy.0 = Release|x64
		{C744F97A-AE58-43DE-8B51-3DB38C063D93}.AppStore|x86.ActiveCfg = Release|x86
		{C744F97A-AE58-43DE-8B51-3DB38C063D93}.AppStore|x86.Build.0 = Release|x86
		{C744F97A-AE58-43DE-8B51-3DB38C063D93}.AppStore|x86.Deploy.0 = Release|x86
		{C744F97A-AE58-43DE-8B51-3DB38C063D93}.Debug|Any CPU.ActiveCfg = Debug|x86
		{C744F97A-AE58-43DE-8B51-3DB38C063D93}.Debug|ARM.ActiveCfg = Debug|ARM
		{C744F97A-AE58-43DE-8B51-3DB38C063D93}.Debug|ARM.Build.0 = Debug|ARM
		{C744F97A-AE58-43DE-8B51-3DB38C063D93}.Debug|ARM.Deploy.0 = Debug|ARM
		{C744F97A-AE58-43DE-8B51-3DB38C063D93}.Debug|iPhone.ActiveCfg = Debug|x86
		{C744F97A-AE58-43DE-8B51-3DB38C063D93}.Debug|iPhoneSimulator.ActiveCfg = Debug|x86
		{C744F97A-AE58-43DE-8B51-3DB38C063D93}.Debug|x64.ActiveCfg = Debug|x64
		{C744F97A-AE58-43DE-8B51-3DB38C063D93}.Debug|x64.Build.0 = Debug|x64
		{C744F97A-AE58-43DE-8B51-3DB38C063D93}.Debug|x64.Deploy.0 = Debug|x64
		{C744F97A-AE58-43DE-8B51-3DB38C063D93}.Debug|x86.ActiveCfg = Debug|x86
		{C744F97A-AE58-43DE-8B51-3DB38C063D93}.Debug|x86.Build.0 = Debug|x86
		{C744F97A-AE58-43DE-8B51-3DB38C063D93}.Debug|x86.Deploy.0 = Debug|x86
		{C744F97A-AE58-43DE-8B51-3DB38C063D93}.Release|Any CPU.ActiveCfg = Release|x86
		{C744F97A-AE58-43DE-8B51-3DB38C063D93}.Release|ARM.ActiveCfg = Release|ARM
		{C744F97A-AE58-43DE-8B51-3DB38C063D93}.Release|ARM.Build.0 = Release|ARM
		{C744F97A-AE58-43DE-8B51-3DB38C063D93}.Release|ARM.Deploy.0 = Release|ARM
		{C744F97A-AE58-43DE-8B51-3DB38C063D93}.Release|iPhone.ActiveCfg = Release|x86
		{C744F97A-AE58-43DE-8B51-3DB38C063D93}.Release|iPhoneSimulator.ActiveCfg = Release|x86
		{C744F97A-AE58-43DE-8B51-3DB38C063D93}.Release|x64.ActiveCfg = Release|x64
		{C744F97A-AE58-43DE-8B51-3DB38C063D93}.Release|x64.Build.0 = Release|x64
		{C744F97A-AE58-43DE-8B51-3DB38C063D93}.Release|x64.Deploy.0 = Release|x64
		{C744F97A-AE58-43DE-8B51-3DB38C063D93}.Release|x86.ActiveCfg = Release|x86
		{C744F97A-AE58-43DE-8B51-3DB38C063D93}.Release|x86.Build.0 = Release|x86
		{C744F97A-AE58-43DE-8B51-3DB38C063D93}.Release|x86.Deploy.0 = Release|x86
	EndGlobalSection
	GlobalSection(SolutionProperties) = preSolution
		HideSolutionNode = FALSE
	EndGlobalSection
EndGlobal
